
Microsoft Visual Studio Solution File, Format Version 12.00
# Visual Studio 2013
VisualStudioVersion = 12.0.30501.0
MinimumVisualStudioVersion = 10.0.40219.1
Project("{FAE04EC0-301F-11D3-BF4B-00C04F79EFBC}") = "TDriven.Core", "TDriven.Core\TDriven.Core.csproj", "{2117B7A7-577C-4EDA-BC8D-935CD2E06BF3}"
EndProject
Project("{FAE04EC0-301F-11D3-BF4B-00C04F79EFBC}") = "TDriven.Web", "TDriven.Web\TDriven.Web.csproj", "{F86D81FE-14D9-488F-B55A-727BD05196F8}"
EndProject
Project("{FAE04EC0-301F-11D3-BF4B-00C04F79EFBC}") = "TDriven.Infrastructure", "TDriven.Infrastructure\TDriven.Infrastructure.csproj", "{F87B0932-2430-44ED-A4B6-F658E9884E4D}"
EndProject
Global
	GlobalSection(SolutionConfigurationPlatforms) = preSolution
		Debug|Any CPU = Debug|Any CPU
		Release|Any CPU = Release|Any CPU
	EndGlobalSection
	GlobalSection(ProjectConfigurationPlatforms) = postSolution
		{2117B7A7-577C-4EDA-BC8D-935CD2E06BF3}.Debug|Any CPU.ActiveCfg = Debug|Any CPU
		{2117B7A7-577C-4EDA-BC8D-935CD2E06BF3}.Debug|Any CPU.Build.0 = Debug|Any CPU
		{2117B7A7-577C-4EDA-BC8D-935CD2E06BF3}.Release|Any CPU.ActiveCfg = Release|Any CPU
		{2117B7A7-577C-4EDA-BC8D-935CD2E06BF3}.Release|Any CPU.Build.0 = Release|Any CPU
		{F86D81FE-14D9-488F-B55A-727BD05196F8}.Debug|Any CPU.ActiveCfg = Debug|Any CPU
		{F86D81FE-14D9-488F-B55A-727BD05196F8}.Debug|Any CPU.Build.0 = Debug|Any CPU
		{F86D81FE-14D9-488F-B55A-727BD05196F8}.Release|Any CPU.ActiveCfg = Release|Any CPU
		{F86D81FE-14D9-488F-B55A-727BD05196F8}.Release|Any CPU.Build.0 = Release|Any CPU
		{F87B0932-2430-44ED-A4B6-F658E9884E4D}.Debug|Any CPU.ActiveCfg = Debug|Any CPU
		{F87B0932-2430-44ED-A4B6-F658E9884E4D}.Debug|Any CPU.Build.0 = Debug|Any CPU
		{F87B0932-2430-44ED-A4B6-F658E9884E4D}.Release|Any CPU.ActiveCfg = Release|Any CPU
		{F87B0932-2430-44ED-A4B6-F658E9884E4D}.Release|Any CPU.Build.0 = Release|Any CPU
	EndGlobalSection
	GlobalSection(SolutionProperties) = preSolution
		HideSolutionNode = FALSE
	EndGlobalSection
EndGlobal
